
Microsoft Visual Studio Solution File, Format Version 12.00
# Visual Studio 15
Project("{FAE04EC0-301F-11D3-BF4B-00C04F79EFBC}") = "ColouredListViewCell.Android", "ColouredListViewCell.Android\ColouredListViewCell.Android.csproj", "{DD6CBA8A-7F4F-421E-942C-61CC84C75519}"
EndProject
Project("{FAE04EC0-301F-11D3-BF4B-00C04F79EFBC}") = "ColouredListViewCell.iOS", "ColouredListViewCell.iOS\ColouredListViewCell.iOS.csproj", "{116DB400-D46E-4A97-813E-8C31BEF1861C}"
EndProject
Project("{D954291E-2A0B-460D-934E-DC6B0785DB48}") = "ColouredListViewCell", "ColouredListViewCell\ColouredListViewCell.shproj", "{6F69C4EA-A7C3-46CC-95DB-01DD1B682414}"
EndProject
Global
	GlobalSection(SolutionConfigurationPlatforms) = preSolution
		Debug|Any CPU = Debug|Any CPU
		Release|Any CPU = Release|Any CPU
		Debug|iPhoneSimulator = Debug|iPhoneSimulator
		Release|iPhoneSimulator = Release|iPhoneSimulator
		Debug|iPhone = Debug|iPhone
		Release|iPhone = Release|iPhone
	EndGlobalSection
	GlobalSection(ProjectConfigurationPlatforms) = postSolution
		{DD6CBA8A-7F4F-421E-942C-61CC84C75519}.Debug|Any CPU.ActiveCfg = Debug|Any CPU
		{DD6CBA8A-7F4F-421E-942C-61CC84C75519}.Debug|Any CPU.Build.0 = Debug|Any CPU
		{DD6CBA8A-7F4F-421E-942C-61CC84C75519}.Release|Any CPU.ActiveCfg = Release|Any CPU
		{DD6CBA8A-7F4F-421E-942C-61CC84C75519}.Release|Any CPU.Build.0 = Release|Any CPU
		{DD6CBA8A-7F4F-421E-942C-61CC84C75519}.Debug|iPhoneSimulator.ActiveCfg = Debug|Any CPU
		{DD6CBA8A-7F4F-421E-942C-61CC84C75519}.Debug|iPhoneSimulator.Build.0 = Debug|Any CPU
		{DD6CBA8A-7F4F-421E-942C-61CC84C75519}.Release|iPhoneSimulator.ActiveCfg = Release|Any CPU
		{DD6CBA8A-7F4F-421E-942C-61CC84C75519}.Release|iPhoneSimulator.Build.0 = Release|Any CPU
		{DD6CBA8A-7F4F-421E-942C-61CC84C75519}.Debug|iPhone.ActiveCfg = Debug|Any CPU
		{DD6CBA8A-7F4F-421E-942C-61CC84C75519}.Debug|iPhone.Build.0 = Debug|Any CPU
		{DD6CBA8A-7F4F-421E-942C-61CC84C75519}.Release|iPhone.ActiveCfg = Release|Any CPU
		{DD6CBA8A-7F4F-421E-942C-61CC84C75519}.Release|iPhone.Build.0 = Release|Any CPU
		{116DB400-D46E-4A97-813E-8C31BEF1861C}.Debug|Any CPU.ActiveCfg = Debug|iPhoneSimulator
		{116DB400-D46E-4A97-813E-8C31BEF1861C}.Debug|Any CPU.Build.0 = Debug|iPhoneSimulator
		{116DB400-D46E-4A97-813E-8C31BEF1861C}.Release|Any CPU.ActiveCfg = Release|iPhoneSimulator
		{116DB400-D46E-4A97-813E-8C31BEF1861C}.Release|Any CPU.Build.0 = Release|iPhoneSimulator
		{116DB400-D46E-4A97-813E-8C31BEF1861C}.Debug|iPhoneSimulator.ActiveCfg = Debug|iPhoneSimulator
		{116DB400-D46E-4A97-813E-8C31BEF1861C}.Debug|iPhoneSimulator.Build.0 = Debug|iPhoneSimulator
		{116DB400-D46E-4A97-813E-8C31BEF1861C}.Release|iPhoneSimulator.ActiveCfg = Release|iPhoneSimulator
		{116DB400-D46E-4A97-813E-8C31BEF1861C}.Release|iPhoneSimulator.Build.0 = Release|iPhoneSimulator
		{116DB400-D46E-4A97-813E-8C31BEF1861C}.Debug|iPhone.ActiveCfg = Debug|iPhone
		{116DB400-D46E-4A97-813E-8C31BEF1861C}.Debug|iPhone.Build.0 = Debug|iPhone
		{116DB400-D46E-4A97-813E-8C31BEF1861C}.Release|iPhone.ActiveCfg = Release|iPhone
		{116DB400-D46E-4A97-813E-8C31BEF1861C}.Release|iPhone.Build.0 = Release|iPhone
	EndGlobalSection
EndGlobal
